
Microsoft Visual Studio Solution File, Format Version 12.00
# Visual Studio Version 17
VisualStudioVersion = 17.9.34622.214
MinimumVisualStudioVersion = 10.0.40219.1
Project("{FAE04EC0-301F-11D3-BF4B-00C04F79EFBC}") = "MyTgBot", "ConsoleApp1\MyTgBot.csproj", "{11D1B718-9230-49FE-8346-58246B59DE92}"
EndProject
Global
	GlobalSection(SolutionConfigurationPlatforms) = preSolution
		Debug|Any CPU = Debug|Any CPU
		Release|Any CPU = Release|Any CPU
	EndGlobalSection
	GlobalSection(ProjectConfigurationPlatforms) = postSolution
		{11D1B718-9230-49FE-8346-58246B59DE92}.Debug|Any CPU.ActiveCfg = Debug|Any CPU
		{11D1B718-9230-49FE-8346-58246B59DE92}.Debug|Any CPU.Build.0 = Debug|Any CPU
		{11D1B718-9230-49FE-8346-58246B59DE92}.Release|Any CPU.ActiveCfg = Release|Any CPU
		{11D1B718-9230-49FE-8346-58246B59DE92}.Release|Any CPU.Build.0 = Release|Any CPU
	EndGlobalSection
	GlobalSection(SolutionProperties) = preSolution
		HideSolutionNode = FALSE
	EndGlobalSection
	GlobalSection(ExtensibilityGlobals) = postSolution
		SolutionGuid = {F54C687D-8E0E-4305-8322-723CFE5AC7CD}
	EndGlobalSection
EndGlobal
